
Microsoft Visual Studio Solution File, Format Version 12.00
# Visual Studio 2012
Project("{FAE04EC0-301F-11D3-BF4B-00C04F79EFBC}") = "GoogleClientSample", "GoogleClientSample\GoogleClientSample.csproj", "{194D6334-5A0A-4E4D-BC44-7683D434C57A}"
EndProject
Global
	GlobalSection(SolutionConfigurationPlatforms) = preSolution
		Debug|iPhoneSimulator = Debug|iPhoneSimulator
		Release|iPhone = Release|iPhone
		Release|iPhoneSimulator = Release|iPhoneSimulator
		Debug|iPhone = Debug|iPhone
	EndGlobalSection
	GlobalSection(ProjectConfigurationPlatforms) = postSolution
		{194D6334-5A0A-4E4D-BC44-7683D434C57A}.Debug|iPhoneSimulator.ActiveCfg = Debug|iPhoneSimulator
		{194D6334-5A0A-4E4D-BC44-7683D434C57A}.Debug|iPhoneSimulator.Build.0 = Debug|iPhoneSimulator
		{194D6334-5A0A-4E4D-BC44-7683D434C57A}.Release|iPhone.ActiveCfg = Release|iPhone
		{194D6334-5A0A-4E4D-BC44-7683D434C57A}.Release|iPhone.Build.0 = Release|iPhone
		{194D6334-5A0A-4E4D-BC44-7683D434C57A}.Release|iPhoneSimulator.ActiveCfg = Release|iPhoneSimulator
		{194D6334-5A0A-4E4D-BC44-7683D434C57A}.Release|iPhoneSimulator.Build.0 = Release|iPhoneSimulator
		{194D6334-5A0A-4E4D-BC44-7683D434C57A}.Debug|iPhone.ActiveCfg = Debug|iPhone
		{194D6334-5A0A-4E4D-BC44-7683D434C57A}.Debug|iPhone.Build.0 = Debug|iPhone
	EndGlobalSection
EndGlobal
